// !$*UTF8*$!
{
	archiveVersion = 1;
	classes = {
	};
	objectVersion = 52;
	objects = {

/* Begin PBXBuildFile section */
		7C0ACA502453CF1E0022E987 /* IQKeyboardManagerSwift in Frameworks */ = {isa = PBXBuildFile; productRef = 7C0ACA4F2453CF1E0022E987 /* IQKeyboardManagerSwift */; };
		7C0ACA522453D2860022E987 /* SyncSignalDispatcher.swift in Sources */ = {isa = PBXBuildFile; fileRef = 7C0ACA512453D2860022E987 /* SyncSignalDispatcher.swift */; };
		7C0ACA542453E8770022E987 /* Clock.swift in Sources */ = {isa = PBXBuildFile; fileRef = 7C0ACA532453E8760022E987 /* Clock.swift */; };
		7C0ACA572453F4100022E987 /* Battery.swift in Sources */ = {isa = PBXBuildFile; fileRef = 7C0ACA562453F4100022E987 /* Battery.swift */; };
		7C0ACA59245450FF0022E987 /* Settings.storyboard in Resources */ = {isa = PBXBuildFile; fileRef = 7C0ACA58245450FF0022E987 /* Settings.storyboard */; };
		7C0ACA5E245452770022E987 /* Router.swift in Sources */ = {isa = PBXBuildFile; fileRef = 7C0ACA5D245452770022E987 /* Router.swift */; };
		7C0ACA6024545E350022E987 /* Extentions.swift in Sources */ = {isa = PBXBuildFile; fileRef = 7C0ACA5F24545E350022E987 /* Extentions.swift */; };
		7C0ACA62245462750022E987 /* SettingsTableViewController.swift in Sources */ = {isa = PBXBuildFile; fileRef = 7C0ACA61245462750022E987 /* SettingsTableViewController.swift */; };
		7C0ACA64245463570022E987 /* ColorSettingViewController.swift in Sources */ = {isa = PBXBuildFile; fileRef = 7C0ACA63245463570022E987 /* ColorSettingViewController.swift */; };
		7C0ACA662454636B0022E987 /* ColorSetting.storyboard in Resources */ = {isa = PBXBuildFile; fileRef = 7C0ACA652454636B0022E987 /* ColorSetting.storyboard */; };
		7C0ACA6824546E3F0022E987 /* Color.swift in Sources */ = {isa = PBXBuildFile; fileRef = 7C0ACA6724546E3F0022E987 /* Color.swift */; };
		7C0ACA6A245475720022E987 /* UserDefaultManager.swift in Sources */ = {isa = PBXBuildFile; fileRef = 7C0ACA69245475720022E987 /* UserDefaultManager.swift */; };
		7C0ACA6C2454759D0022E987 /* UserDefaultKey.swift in Sources */ = {isa = PBXBuildFile; fileRef = 7C0ACA6B2454759D0022E987 /* UserDefaultKey.swift */; };
		7C0ACA70245478C40022E987 /* ObjectStore.swift in Sources */ = {isa = PBXBuildFile; fileRef = 7C0ACA6F245478C40022E987 /* ObjectStore.swift */; };
		7C0ACA72245478F00022E987 /* BackgroundColorStore.swift in Sources */ = {isa = PBXBuildFile; fileRef = 7C0ACA71245478F00022E987 /* BackgroundColorStore.swift */; };
		7C0ACA74245479080022E987 /* TextColorStore.swift in Sources */ = {isa = PBXBuildFile; fileRef = 7C0ACA73245479080022E987 /* TextColorStore.swift */; };
		7C0ACA76245487030022E987 /* FirstRun.swift in Sources */ = {isa = PBXBuildFile; fileRef = 7C0ACA75245487030022E987 /* FirstRun.swift */; };
		7C0ACA782454890C0022E987 /* Splash.storyboard in Resources */ = {isa = PBXBuildFile; fileRef = 7C0ACA772454890C0022E987 /* Splash.storyboard */; };
		7C0ACA7A245489290022E987 /* SplashViewController.swift in Sources */ = {isa = PBXBuildFile; fileRef = 7C0ACA79245489290022E987 /* SplashViewController.swift */; };
		7C0ACA7F2455257F0022E987 /* SwifterWrapper.swift in Sources */ = {isa = PBXBuildFile; fileRef = 7C0ACA7E2455257F0022E987 /* SwifterWrapper.swift */; };
		7C0ACA81245536BF0022E987 /* TwitterAccountStore.swift in Sources */ = {isa = PBXBuildFile; fileRef = 7C0ACA80245536BF0022E987 /* TwitterAccountStore.swift */; };
		7C0ACA83245536E20022E987 /* TwitterAccount.swift in Sources */ = {isa = PBXBuildFile; fileRef = 7C0ACA82245536E20022E987 /* TwitterAccount.swift */; };
		7C0ACA8824558CD30022E987 /* Tweet.swift in Sources */ = {isa = PBXBuildFile; fileRef = 7C0ACA8724558CD30022E987 /* Tweet.swift */; };
		7C0ACA8A245590A20022E987 /* TwitterUser.swift in Sources */ = {isa = PBXBuildFile; fileRef = 7C0ACA89245590A20022E987 /* TwitterUser.swift */; };
		7C0ACA8C245590AD0022E987 /* TwitterImage.swift in Sources */ = {isa = PBXBuildFile; fileRef = 7C0ACA8B245590AD0022E987 /* TwitterImage.swift */; };
		7C0ACA8F2455951B0022E987 /* RealmTweet.swift in Sources */ = {isa = PBXBuildFile; fileRef = 7C0ACA8E2455951B0022E987 /* RealmTweet.swift */; };
		7C0ACA91245598E70022E987 /* RealmTwitterUser.swift in Sources */ = {isa = PBXBuildFile; fileRef = 7C0ACA90245598E70022E987 /* RealmTwitterUser.swift */; };
		7C0ACA93245599070022E987 /* RealmTwitterImage.swift in Sources */ = {isa = PBXBuildFile; fileRef = 7C0ACA92245599070022E987 /* RealmTwitterImage.swift */; };
		7C0ACA9624559A9C0022E987 /* TweetRepository.swift in Sources */ = {isa = PBXBuildFile; fileRef = 7C0ACA9524559A9C0022E987 /* TweetRepository.swift */; };
		7C37D003245FFE5000DFA6B3 /* CustomBannarView.swift in Sources */ = {isa = PBXBuildFile; fileRef = 7C37D002245FFE5000DFA6B3 /* CustomBannarView.swift */; };
		7C37D0072460005200DFA6B3 /* BannarIdKind.swift in Sources */ = {isa = PBXBuildFile; fileRef = 7C37D0062460005200DFA6B3 /* BannarIdKind.swift */; };
		7C37D00B2460078100DFA6B3 /* GoogleService-Info.plist in Resources */ = {isa = PBXBuildFile; fileRef = 7C37D00A2460078100DFA6B3 /* GoogleService-Info.plist */; };
		7C5163F82456D8FA00224CD3 /* LoadTimeLineUseCase.swift in Sources */ = {isa = PBXBuildFile; fileRef = 7C5163F72456D8FA00224CD3 /* LoadTimeLineUseCase.swift */; };
		7C5163FA2456D90E00224CD3 /* AuthUserAccountUseCase.swift in Sources */ = {isa = PBXBuildFile; fileRef = 7C5163F92456D90E00224CD3 /* AuthUserAccountUseCase.swift */; };
		7C5163FC2456FC3E00224CD3 /* LoadTimeLineLastTime.swift in Sources */ = {isa = PBXBuildFile; fileRef = 7C5163FB2456FC3E00224CD3 /* LoadTimeLineLastTime.swift */; };
		7C5163FF245B1BCE00224CD3 /* Swifter in Frameworks */ = {isa = PBXBuildFile; productRef = 7C5163FE245B1BCE00224CD3 /* Swifter */; };
		7C84A07C2453CAF10016AE58 /* AppDelegate.swift in Sources */ = {isa = PBXBuildFile; fileRef = 7C84A07B2453CAF10016AE58 /* AppDelegate.swift */; };
		7C84A07E2453CAF10016AE58 /* SceneDelegate.swift in Sources */ = {isa = PBXBuildFile; fileRef = 7C84A07D2453CAF10016AE58 /* SceneDelegate.swift */; };
		7C84A0802453CAF10016AE58 /* MainClockViewController.swift in Sources */ = {isa = PBXBuildFile; fileRef = 7C84A07F2453CAF10016AE58 /* MainClockViewController.swift */; };
		7C84A0832453CAF10016AE58 /* Main.storyboard in Resources */ = {isa = PBXBuildFile; fileRef = 7C84A0812453CAF10016AE58 /* Main.storyboard */; };
		7C84A0852453CAF30016AE58 /* Assets.xcassets in Resources */ = {isa = PBXBuildFile; fileRef = 7C84A0842453CAF30016AE58 /* Assets.xcassets */; };
		7C84A0882453CAF30016AE58 /* LaunchScreen.storyboard in Resources */ = {isa = PBXBuildFile; fileRef = 7C84A0862453CAF30016AE58 /* LaunchScreen.storyboard */; };
		7CA8B3AE2455BE1B003A3E17 /* TweetCellBinder.swift in Sources */ = {isa = PBXBuildFile; fileRef = 7CA8B3AD2455BE1B003A3E17 /* TweetCellBinder.swift */; };
		7CF99D812455A43300C1CC90 /* TweetItemsStore.swift in Sources */ = {isa = PBXBuildFile; fileRef = 7CF99D802455A43300C1CC90 /* TweetItemsStore.swift */; };
		7CF99D832455A56200C1CC90 /* RealmManeger.swift in Sources */ = {isa = PBXBuildFile; fileRef = 7CF99D822455A56200C1CC90 /* RealmManeger.swift */; };
		7CF99D862455AE7300C1CC90 /* TweetTableViewDataSource.swift in Sources */ = {isa = PBXBuildFile; fileRef = 7CF99D852455AE7300C1CC90 /* TweetTableViewDataSource.swift */; };
		7CF99D882455AF4B00C1CC90 /* TweetTableViewDelegate.swift in Sources */ = {isa = PBXBuildFile; fileRef = 7CF99D872455AF4B00C1CC90 /* TweetTableViewDelegate.swift */; };
		7CF99D8D2455B12D00C1CC90 /* TweetTableViewCell.swift in Sources */ = {isa = PBXBuildFile; fileRef = 7CF99D8B2455B12D00C1CC90 /* TweetTableViewCell.swift */; };
		7CF99D8E2455B12D00C1CC90 /* TweetTableViewCell.xib in Resources */ = {isa = PBXBuildFile; fileRef = 7CF99D8C2455B12D00C1CC90 /* TweetTableViewCell.xib */; };
		9F078B33232876B81D3460AB /* Pods_TweetClock.framework in Frameworks */ = {isa = PBXBuildFile; fileRef = BB6C15D58F30E861BE651EF9 /* Pods_TweetClock.framework */; };
/* End PBXBuildFile section */

/* Begin PBXFileReference section */
		7B6CE7D5882E9FF2EB9EC2C7 /* Pods-TweetClock.debug.xcconfig */ = {isa = PBXFileReference; includeInIndex = 1; lastKnownFileType = text.xcconfig; name = "Pods-TweetClock.debug.xcconfig"; path = "Target Support Files/Pods-TweetClock/Pods-TweetClock.debug.xcconfig"; sourceTree = "<group>"; };
		7C0ACA512453D2860022E987 /* SyncSignalDispatcher.swift */ = {isa = PBXFileReference; lastKnownFileType = sourcecode.swift; path = SyncSignalDispatcher.swift; sourceTree = "<group>"; };
		7C0ACA532453E8760022E987 /* Clock.swift */ = {isa = PBXFileReference; lastKnownFileType = sourcecode.swift; path = Clock.swift; sourceTree = "<group>"; };
		7C0ACA562453F4100022E987 /* Battery.swift */ = {isa = PBXFileReference; lastKnownFileType = sourcecode.swift; path = Battery.swift; sourceTree = "<group>"; };
		7C0ACA58245450FF0022E987 /* Settings.storyboard */ = {isa = PBXFileReference; lastKnownFileType = file.storyboard; path = Settings.storyboard; sourceTree = "<group>"; };
		7C0ACA5D245452770022E987 /* Router.swift */ = {isa = PBXFileReference; lastKnownFileType = sourcecode.swift; path = Router.swift; sourceTree = "<group>"; };
		7C0ACA5F24545E350022E987 /* Extentions.swift */ = {isa = PBXFileReference; fileEncoding = 4; lastKnownFileType = sourcecode.swift; path = Extentions.swift; sourceTree = "<group>"; };
		7C0ACA61245462750022E987 /* SettingsTableViewController.swift */ = {isa = PBXFileReference; lastKnownFileType = sourcecode.swift; path = SettingsTableViewController.swift; sourceTree = "<group>"; };
		7C0ACA63245463570022E987 /* ColorSettingViewController.swift */ = {isa = PBXFileReference; lastKnownFileType = sourcecode.swift; path = ColorSettingViewController.swift; sourceTree = "<group>"; };
		7C0ACA652454636B0022E987 /* ColorSetting.storyboard */ = {isa = PBXFileReference; lastKnownFileType = file.storyboard; path = ColorSetting.storyboard; sourceTree = "<group>"; };
		7C0ACA6724546E3F0022E987 /* Color.swift */ = {isa = PBXFileReference; lastKnownFileType = sourcecode.swift; path = Color.swift; sourceTree = "<group>"; };
		7C0ACA69245475720022E987 /* UserDefaultManager.swift */ = {isa = PBXFileReference; lastKnownFileType = sourcecode.swift; path = UserDefaultManager.swift; sourceTree = "<group>"; };
		7C0ACA6B2454759D0022E987 /* UserDefaultKey.swift */ = {isa = PBXFileReference; lastKnownFileType = sourcecode.swift; path = UserDefaultKey.swift; sourceTree = "<group>"; };
		7C0ACA6F245478C40022E987 /* ObjectStore.swift */ = {isa = PBXFileReference; lastKnownFileType = sourcecode.swift; path = ObjectStore.swift; sourceTree = "<group>"; };
		7C0ACA71245478F00022E987 /* BackgroundColorStore.swift */ = {isa = PBXFileReference; lastKnownFileType = sourcecode.swift; path = BackgroundColorStore.swift; sourceTree = "<group>"; };
		7C0ACA73245479080022E987 /* TextColorStore.swift */ = {isa = PBXFileReference; lastKnownFileType = sourcecode.swift; path = TextColorStore.swift; sourceTree = "<group>"; };
		7C0ACA75245487030022E987 /* FirstRun.swift */ = {isa = PBXFileReference; lastKnownFileType = sourcecode.swift; path = FirstRun.swift; sourceTree = "<group>"; };
		7C0ACA772454890C0022E987 /* Splash.storyboard */ = {isa = PBXFileReference; lastKnownFileType = file.storyboard; path = Splash.storyboard; sourceTree = "<group>"; };
		7C0ACA79245489290022E987 /* SplashViewController.swift */ = {isa = PBXFileReference; lastKnownFileType = sourcecode.swift; path = SplashViewController.swift; sourceTree = "<group>"; };
		7C0ACA7E2455257F0022E987 /* SwifterWrapper.swift */ = {isa = PBXFileReference; lastKnownFileType = sourcecode.swift; path = SwifterWrapper.swift; sourceTree = "<group>"; };
		7C0ACA80245536BF0022E987 /* TwitterAccountStore.swift */ = {isa = PBXFileReference; lastKnownFileType = sourcecode.swift; path = TwitterAccountStore.swift; sourceTree = "<group>"; };
		7C0ACA82245536E20022E987 /* TwitterAccount.swift */ = {isa = PBXFileReference; lastKnownFileType = sourcecode.swift; path = TwitterAccount.swift; sourceTree = "<group>"; };
		7C0ACA8724558CD30022E987 /* Tweet.swift */ = {isa = PBXFileReference; lastKnownFileType = sourcecode.swift; path = Tweet.swift; sourceTree = "<group>"; };
		7C0ACA89245590A20022E987 /* TwitterUser.swift */ = {isa = PBXFileReference; lastKnownFileType = sourcecode.swift; path = TwitterUser.swift; sourceTree = "<group>"; };
		7C0ACA8B245590AD0022E987 /* TwitterImage.swift */ = {isa = PBXFileReference; lastKnownFileType = sourcecode.swift; path = TwitterImage.swift; sourceTree = "<group>"; };
		7C0ACA8E2455951B0022E987 /* RealmTweet.swift */ = {isa = PBXFileReference; lastKnownFileType = sourcecode.swift; path = RealmTweet.swift; sourceTree = "<group>"; };
		7C0ACA90245598E70022E987 /* RealmTwitterUser.swift */ = {isa = PBXFileReference; lastKnownFileType = sourcecode.swift; path = RealmTwitterUser.swift; sourceTree = "<group>"; };
		7C0ACA92245599070022E987 /* RealmTwitterImage.swift */ = {isa = PBXFileReference; lastKnownFileType = sourcecode.swift; path = RealmTwitterImage.swift; sourceTree = "<group>"; };
		7C0ACA9524559A9C0022E987 /* TweetRepository.swift */ = {isa = PBXFileReference; lastKnownFileType = sourcecode.swift; path = TweetRepository.swift; sourceTree = "<group>"; };
		7C37D002245FFE5000DFA6B3 /* CustomBannarView.swift */ = {isa = PBXFileReference; lastKnownFileType = sourcecode.swift; path = CustomBannarView.swift; sourceTree = "<group>"; };
		7C37D0062460005200DFA6B3 /* BannarIdKind.swift */ = {isa = PBXFileReference; lastKnownFileType = sourcecode.swift; path = BannarIdKind.swift; sourceTree = "<group>"; };
		7C37D00A2460078100DFA6B3 /* GoogleService-Info.plist */ = {isa = PBXFileReference; fileEncoding = 4; lastKnownFileType = text.plist.xml; path = "GoogleService-Info.plist"; sourceTree = "<group>"; };
		7C5163F72456D8FA00224CD3 /* LoadTimeLineUseCase.swift */ = {isa = PBXFileReference; lastKnownFileType = sourcecode.swift; path = LoadTimeLineUseCase.swift; sourceTree = "<group>"; };
		7C5163F92456D90E00224CD3 /* AuthUserAccountUseCase.swift */ = {isa = PBXFileReference; lastKnownFileType = sourcecode.swift; path = AuthUserAccountUseCase.swift; sourceTree = "<group>"; };
		7C5163FB2456FC3E00224CD3 /* LoadTimeLineLastTime.swift */ = {isa = PBXFileReference; lastKnownFileType = sourcecode.swift; path = LoadTimeLineLastTime.swift; sourceTree = "<group>"; };
		7C84A0782453CAF10016AE58 /* TweetClock.app */ = {isa = PBXFileReference; explicitFileType = wrapper.application; includeInIndex = 0; path = TweetClock.app; sourceTree = BUILT_PRODUCTS_DIR; };
		7C84A07B2453CAF10016AE58 /* AppDelegate.swift */ = {isa = PBXFileReference; lastKnownFileType = sourcecode.swift; path = AppDelegate.swift; sourceTree = "<group>"; };
		7C84A07D2453CAF10016AE58 /* SceneDelegate.swift */ = {isa = PBXFileReference; lastKnownFileType = sourcecode.swift; path = SceneDelegate.swift; sourceTree = "<group>"; };
		7C84A07F2453CAF10016AE58 /* MainClockViewController.swift */ = {isa = PBXFileReference; lastKnownFileType = sourcecode.swift; path = MainClockViewController.swift; sourceTree = "<group>"; };
		7C84A0822453CAF10016AE58 /* Base */ = {isa = PBXFileReference; lastKnownFileType = file.storyboard; name = Base; path = Base.lproj/Main.storyboard; sourceTree = "<group>"; };
		7C84A0842453CAF30016AE58 /* Assets.xcassets */ = {isa = PBXFileReference; lastKnownFileType = folder.assetcatalog; path = Assets.xcassets; sourceTree = "<group>"; };
		7C84A0872453CAF30016AE58 /* Base */ = {isa = PBXFileReference; lastKnownFileType = file.storyboard; name = Base; path = Base.lproj/LaunchScreen.storyboard; sourceTree = "<group>"; };
		7C84A0892453CAF30016AE58 /* Info.plist */ = {isa = PBXFileReference; lastKnownFileType = text.plist.xml; path = Info.plist; sourceTree = "<group>"; };
		7CA8B3AD2455BE1B003A3E17 /* TweetCellBinder.swift */ = {isa = PBXFileReference; lastKnownFileType = sourcecode.swift; path = TweetCellBinder.swift; sourceTree = "<group>"; };
		7CF99D802455A43300C1CC90 /* TweetItemsStore.swift */ = {isa = PBXFileReference; lastKnownFileType = sourcecode.swift; path = TweetItemsStore.swift; sourceTree = "<group>"; };
		7CF99D822455A56200C1CC90 /* RealmManeger.swift */ = {isa = PBXFileReference; lastKnownFileType = sourcecode.swift; path = RealmManeger.swift; sourceTree = "<group>"; };
		7CF99D852455AE7300C1CC90 /* TweetTableViewDataSource.swift */ = {isa = PBXFileReference; lastKnownFileType = sourcecode.swift; path = TweetTableViewDataSource.swift; sourceTree = "<group>"; };
		7CF99D872455AF4B00C1CC90 /* TweetTableViewDelegate.swift */ = {isa = PBXFileReference; lastKnownFileType = sourcecode.swift; path = TweetTableViewDelegate.swift; sourceTree = "<group>"; };
		7CF99D8B2455B12D00C1CC90 /* TweetTableViewCell.swift */ = {isa = PBXFileReference; lastKnownFileType = sourcecode.swift; path = TweetTableViewCell.swift; sourceTree = "<group>"; };
		7CF99D8C2455B12D00C1CC90 /* TweetTableViewCell.xib */ = {isa = PBXFileReference; lastKnownFileType = file.xib; path = TweetTableViewCell.xib; sourceTree = "<group>"; };
		BB6C15D58F30E861BE651EF9 /* Pods_TweetClock.framework */ = {isa = PBXFileReference; explicitFileType = wrapper.framework; includeInIndex = 0; path = Pods_TweetClock.framework; sourceTree = BUILT_PRODUCTS_DIR; };
		D0AA5134FEB183EB5E6B40F3 /* Pods-TweetClock.release.xcconfig */ = {isa = PBXFileReference; includeInIndex = 1; lastKnownFileType = text.xcconfig; name = "Pods-TweetClock.release.xcconfig"; path = "Target Support Files/Pods-TweetClock/Pods-TweetClock.release.xcconfig"; sourceTree = "<group>"; };
/* End PBXFileReference section */

/* Begin PBXFrameworksBuildPhase section */
		7C84A0752453CAF10016AE58 /* Frameworks */ = {
			isa = PBXFrameworksBuildPhase;
			buildActionMask = 2147483647;
			files = (
				7C5163FF245B1BCE00224CD3 /* Swifter in Frameworks */,
				9F078B33232876B81D3460AB /* Pods_TweetClock.framework in Frameworks */,
				7C0ACA502453CF1E0022E987 /* IQKeyboardManagerSwift in Frameworks */,
			);
			runOnlyForDeploymentPostprocessing = 0;
		};
/* End PBXFrameworksBuildPhase section */

/* Begin PBXGroup section */
		598CA8B926CA3FE94BA3E12B /* Pods */ = {
			isa = PBXGroup;
			children = (
				7B6CE7D5882E9FF2EB9EC2C7 /* Pods-TweetClock.debug.xcconfig */,
				D0AA5134FEB183EB5E6B40F3 /* Pods-TweetClock.release.xcconfig */,
			);
			path = Pods;
			sourceTree = "<group>";
		};
		5E08471C903AF1F64B97B179 /* Frameworks */ = {
			isa = PBXGroup;
			children = (
				BB6C15D58F30E861BE651EF9 /* Pods_TweetClock.framework */,
			);
			name = Frameworks;
			sourceTree = "<group>";
		};
		7C0ACA552453F3F50022E987 /* Domain */ = {
			isa = PBXGroup;
			children = (
				7C0ACA532453E8760022E987 /* Clock.swift */,
				7C0ACA562453F4100022E987 /* Battery.swift */,
				7C0ACA6724546E3F0022E987 /* Color.swift */,
				7C0ACA82245536E20022E987 /* TwitterAccount.swift */,
				7C0ACA8724558CD30022E987 /* Tweet.swift */,
				7C0ACA89245590A20022E987 /* TwitterUser.swift */,
				7C0ACA8B245590AD0022E987 /* TwitterImage.swift */,
			);
			path = Domain;
			sourceTree = "<group>";
		};
		7C0ACA5C245452590022E987 /* Other */ = {
			isa = PBXGroup;
			children = (
				7C37D0042460003B00DFA6B3 /* Ads */,
				7C0ACA6E245478B40022E987 /* Protocol */,
				7C5163FB2456FC3E00224CD3 /* LoadTimeLineLastTime.swift */,
				7C0ACA5F24545E350022E987 /* Extentions.swift */,
				7C0ACA5D245452770022E987 /* Router.swift */,
				7C0ACA69245475720022E987 /* UserDefaultManager.swift */,
				7C0ACA6B2454759D0022E987 /* UserDefaultKey.swift */,
				7C0ACA75245487030022E987 /* FirstRun.swift */,
				7C0ACA7E2455257F0022E987 /* SwifterWrapper.swift */,
				7CF99D822455A56200C1CC90 /* RealmManeger.swift */,
				7C0ACA512453D2860022E987 /* SyncSignalDispatcher.swift */,
			);
			path = Other;
			sourceTree = "<group>";
		};
		7C0ACA6D2454788D0022E987 /* Store */ = {
			isa = PBXGroup;
			children = (
				7C0ACA71245478F00022E987 /* BackgroundColorStore.swift */,
				7CF99D802455A43300C1CC90 /* TweetItemsStore.swift */,
				7C0ACA73245479080022E987 /* TextColorStore.swift */,
				7C0ACA80245536BF0022E987 /* TwitterAccountStore.swift */,
			);
			path = Store;
			sourceTree = "<group>";
		};
		7C0ACA6E245478B40022E987 /* Protocol */ = {
			isa = PBXGroup;
			children = (
				7C0ACA6F245478C40022E987 /* ObjectStore.swift */,
			);
			path = Protocol;
			sourceTree = "<group>";
		};
		7C0ACA8D245594EA0022E987 /* RealmObjct */ = {
			isa = PBXGroup;
			children = (
				7C0ACA8E2455951B0022E987 /* RealmTweet.swift */,
				7C0ACA90245598E70022E987 /* RealmTwitterUser.swift */,
				7C0ACA92245599070022E987 /* RealmTwitterImage.swift */,
			);
			path = RealmObjct;
			sourceTree = "<group>";
		};
		7C0ACA9424559A7D0022E987 /* Repository */ = {
			isa = PBXGroup;
			children = (
				7C0ACA9524559A9C0022E987 /* TweetRepository.swift */,
			);
			path = Repository;
			sourceTree = "<group>";
		};
		7C37D0042460003B00DFA6B3 /* Ads */ = {
			isa = PBXGroup;
			children = (
				7C37D0052460004200DFA6B3 /* Bannar */,
			);
			path = Ads;
			sourceTree = "<group>";
		};
		7C37D0052460004200DFA6B3 /* Bannar */ = {
			isa = PBXGroup;
			children = (
				7C37D002245FFE5000DFA6B3 /* CustomBannarView.swift */,
				7C37D0062460005200DFA6B3 /* BannarIdKind.swift */,
			);
			path = Bannar;
			sourceTree = "<group>";
		};
		7C5163F52456BE3A00224CD3 /* UI */ = {
			isa = PBXGroup;
			children = (
				7C84A07F2453CAF10016AE58 /* MainClockViewController.swift */,
				7C0ACA61245462750022E987 /* SettingsTableViewController.swift */,
				7C0ACA63245463570022E987 /* ColorSettingViewController.swift */,
				7C0ACA79245489290022E987 /* SplashViewController.swift */,
				7CF99D842455AE4700C1CC90 /* TweetTableView */,
			);
			path = UI;
			sourceTree = "<group>";
		};
		7C5163F62456D8B600224CD3 /* UseCase */ = {
			isa = PBXGroup;
			children = (
				7C5163F72456D8FA00224CD3 /* LoadTimeLineUseCase.swift */,
				7C5163F92456D90E00224CD3 /* AuthUserAccountUseCase.swift */,
			);
			path = UseCase;
			sourceTree = "<group>";
		};
		7C84A06F2453CAF10016AE58 = {
			isa = PBXGroup;
			children = (
				7C84A07A2453CAF10016AE58 /* TweetClock */,
				7C84A0792453CAF10016AE58 /* Products */,
				598CA8B926CA3FE94BA3E12B /* Pods */,
				5E08471C903AF1F64B97B179 /* Frameworks */,
			);
			sourceTree = "<group>";
		};
		7C84A0792453CAF10016AE58 /* Products */ = {
			isa = PBXGroup;
			children = (
				7C84A0782453CAF10016AE58 /* TweetClock.app */,
			);
			name = Products;
			sourceTree = "<group>";
		};
		7C84A07A2453CAF10016AE58 /* TweetClock */ = {
			isa = PBXGroup;
			children = (
				7C84A07B2453CAF10016AE58 /* AppDelegate.swift */,
				7C84A07D2453CAF10016AE58 /* SceneDelegate.swift */,
				7C5163F62456D8B600224CD3 /* UseCase */,
				7C5163F52456BE3A00224CD3 /* UI */,
				7C0ACA6D2454788D0022E987 /* Store */,
				7C0ACA9424559A7D0022E987 /* Repository */,
				7C0ACA552453F3F50022E987 /* Domain */,
				7C0ACA8D245594EA0022E987 /* RealmObjct */,
				7C0ACA5C245452590022E987 /* Other */,
				7C84A0812453CAF10016AE58 /* Main.storyboard */,
				7C0ACA58245450FF0022E987 /* Settings.storyboard */,
				7C0ACA652454636B0022E987 /* ColorSetting.storyboard */,
				7C0ACA772454890C0022E987 /* Splash.storyboard */,
				7C84A0842453CAF30016AE58 /* Assets.xcassets */,
				7C84A0862453CAF30016AE58 /* LaunchScreen.storyboard */,
				7C84A0892453CAF30016AE58 /* Info.plist */,
				7C37D00A2460078100DFA6B3 /* GoogleService-Info.plist */,
			);
			path = TweetClock;
			sourceTree = "<group>";
		};
		7CA8B3AC2455BE07003A3E17 /* binder */ = {
			isa = PBXGroup;
			children = (
				7CA8B3AD2455BE1B003A3E17 /* TweetCellBinder.swift */,
			);
			path = binder;
			sourceTree = "<group>";
		};
		7CF99D842455AE4700C1CC90 /* TweetTableView */ = {
			isa = PBXGroup;
			children = (
				7CA8B3AC2455BE07003A3E17 /* binder */,
				7CF99D852455AE7300C1CC90 /* TweetTableViewDataSource.swift */,
				7CF99D872455AF4B00C1CC90 /* TweetTableViewDelegate.swift */,
				7CF99D8B2455B12D00C1CC90 /* TweetTableViewCell.swift */,
				7CF99D8C2455B12D00C1CC90 /* TweetTableViewCell.xib */,
			);
			path = TweetTableView;
			sourceTree = "<group>";
		};
/* End PBXGroup section */

/* Begin PBXNativeTarget section */
		7C84A0772453CAF10016AE58 /* TweetClock */ = {
			isa = PBXNativeTarget;
			buildConfigurationList = 7C84A08C2453CAF30016AE58 /* Build configuration list for PBXNativeTarget "TweetClock" */;
			buildPhases = (
				879237C8B3BCFBD675FD4AF5 /* [CP] Check Pods Manifest.lock */,
				7C84A0742453CAF10016AE58 /* Sources */,
				7C84A0752453CAF10016AE58 /* Frameworks */,
				7C84A0762453CAF10016AE58 /* Resources */,
				509D7CBDCC1F074EC5CC29FD /* [CP] Embed Pods Frameworks */,
				7C37CFFF245FAC0800DFA6B3 /* ShellScript */,
			);
			buildRules = (
			);
			dependencies = (
			);
			name = TweetClock;
			packageProductDependencies = (
				7C0ACA4F2453CF1E0022E987 /* IQKeyboardManagerSwift */,
				7C5163FE245B1BCE00224CD3 /* Swifter */,
			);
			productName = TweetClock;
			productReference = 7C84A0782453CAF10016AE58 /* TweetClock.app */;
			productType = "com.apple.product-type.application";
		};
/* End PBXNativeTarget section */

/* Begin PBXProject section */
		7C84A0702453CAF10016AE58 /* Project object */ = {
			isa = PBXProject;
			attributes = {
				LastSwiftUpdateCheck = 1120;
				LastUpgradeCheck = 1120;
				ORGANIZATIONNAME = "Ryosuke Tamura";
				TargetAttributes = {
					7C84A0772453CAF10016AE58 = {
						CreatedOnToolsVersion = 11.2.1;
					};
				};
			};
			buildConfigurationList = 7C84A0732453CAF10016AE58 /* Build configuration list for PBXProject "TweetClock" */;
			compatibilityVersion = "Xcode 9.3";
			developmentRegion = en;
			hasScannedForEncodings = 0;
			knownRegions = (
				en,
				Base,
			);
			mainGroup = 7C84A06F2453CAF10016AE58;
			packageReferences = (
				7C0ACA4E2453CF1E0022E987 /* XCRemoteSwiftPackageReference "IQKeyboardManager" */,
				7C5163FD245B1BCE00224CD3 /* XCRemoteSwiftPackageReference "Swifter" */,
			);
			productRefGroup = 7C84A0792453CAF10016AE58 /* Products */;
			projectDirPath = "";
			projectRoot = "";
			targets = (
				7C84A0772453CAF10016AE58 /* TweetClock */,
			);
		};
/* End PBXProject section */

/* Begin PBXResourcesBuildPhase section */
		7C84A0762453CAF10016AE58 /* Resources */ = {
			isa = PBXResourcesBuildPhase;
			buildActionMask = 2147483647;
			files = (
				7C84A0882453CAF30016AE58 /* LaunchScreen.storyboard in Resources */,
				7C37D00B2460078100DFA6B3 /* GoogleService-Info.plist in Resources */,
				7C0ACA662454636B0022E987 /* ColorSetting.storyboard in Resources */,
				7CF99D8E2455B12D00C1CC90 /* TweetTableViewCell.xib in Resources */,
				7C84A0852453CAF30016AE58 /* Assets.xcassets in Resources */,
				7C84A0832453CAF10016AE58 /* Main.storyboard in Resources */,
				7C0ACA59245450FF0022E987 /* Settings.storyboard in Resources */,
				7C0ACA782454890C0022E987 /* Splash.storyboard in Resources */,
			);
			runOnlyForDeploymentPostprocessing = 0;
		};
/* End PBXResourcesBuildPhase section */

/* Begin PBXShellScriptBuildPhase section */
		509D7CBDCC1F074EC5CC29FD /* [CP] Embed Pods Frameworks */ = {
			isa = PBXShellScriptBuildPhase;
			buildActionMask = 2147483647;
			files = (
			);
			inputFileListPaths = (
				"${PODS_ROOT}/Target Support Files/Pods-TweetClock/Pods-TweetClock-frameworks-${CONFIGURATION}-input-files.xcfilelist",
			);
			name = "[CP] Embed Pods Frameworks";
			outputFileListPaths = (
				"${PODS_ROOT}/Target Support Files/Pods-TweetClock/Pods-TweetClock-frameworks-${CONFIGURATION}-output-files.xcfilelist",
			);
			runOnlyForDeploymentPostprocessing = 0;
			shellPath = /bin/sh;
			shellScript = "\"${PODS_ROOT}/Target Support Files/Pods-TweetClock/Pods-TweetClock-frameworks.sh\"\n";
			showEnvVarsInLog = 0;
		};
		7C37CFFF245FAC0800DFA6B3 /* ShellScript */ = {
			isa = PBXShellScriptBuildPhase;
			buildActionMask = 2147483647;
			files = (
			);
			inputFileListPaths = (
			);
			inputPaths = (
			);
			outputFileListPaths = (
			);
			outputPaths = (
			);
			runOnlyForDeploymentPostprocessing = 0;
			shellPath = /bin/sh;
			shellScript = "\"${PODS_ROOT}/FirebaseCrashlytics/run\"\n";
		};
		879237C8B3BCFBD675FD4AF5 /* [CP] Check Pods Manifest.lock */ = {
			isa = PBXShellScriptBuildPhase;
			buildActionMask = 2147483647;
			files = (
			);
			inputFileListPaths = (
			);
			inputPaths = (
				"${PODS_PODFILE_DIR_PATH}/Podfile.lock",
				"${PODS_ROOT}/Manifest.lock",
			);
			name = "[CP] Check Pods Manifest.lock";
			outputFileListPaths = (
			);
			outputPaths = (
				"$(DERIVED_FILE_DIR)/Pods-TweetClock-checkManifestLockResult.txt",
			);
			runOnlyForDeploymentPostprocessing = 0;
			shellPath = /bin/sh;
			shellScript = "diff \"${PODS_PODFILE_DIR_PATH}/Podfile.lock\" \"${PODS_ROOT}/Manifest.lock\" > /dev/null\nif [ $? != 0 ] ; then\n    # print error to STDERR\n    echo \"error: The sandbox is not in sync with the Podfile.lock. Run 'pod install' or update your CocoaPods installation.\" >&2\n    exit 1\nfi\n# This output is used by Xcode 'outputs' to avoid re-running this script phase.\necho \"SUCCESS\" > \"${SCRIPT_OUTPUT_FILE_0}\"\n";
			showEnvVarsInLog = 0;
		};
/* End PBXShellScriptBuildPhase section */

/* Begin PBXSourcesBuildPhase section */
		7C84A0742453CAF10016AE58 /* Sources */ = {
			isa = PBXSourcesBuildPhase;
			buildActionMask = 2147483647;
			files = (
				7C0ACA74245479080022E987 /* TextColorStore.swift in Sources */,
				7C0ACA5E245452770022E987 /* Router.swift in Sources */,
				7CF99D812455A43300C1CC90 /* TweetItemsStore.swift in Sources */,
				7C37D003245FFE5000DFA6B3 /* CustomBannarView.swift in Sources */,
				7C84A0802453CAF10016AE58 /* MainClockViewController.swift in Sources */,
				7C0ACA7A245489290022E987 /* SplashViewController.swift in Sources */,
				7C0ACA6824546E3F0022E987 /* Color.swift in Sources */,
				7C0ACA64245463570022E987 /* ColorSettingViewController.swift in Sources */,
				7C84A07C2453CAF10016AE58 /* AppDelegate.swift in Sources */,
				7C84A07E2453CAF10016AE58 /* SceneDelegate.swift in Sources */,
				7CF99D832455A56200C1CC90 /* RealmManeger.swift in Sources */,
				7C0ACA6A245475720022E987 /* UserDefaultManager.swift in Sources */,
				7CA8B3AE2455BE1B003A3E17 /* TweetCellBinder.swift in Sources */,
				7C5163F82456D8FA00224CD3 /* LoadTimeLineUseCase.swift in Sources */,
				7C0ACA8F2455951B0022E987 /* RealmTweet.swift in Sources */,
				7C0ACA572453F4100022E987 /* Battery.swift in Sources */,
				7C0ACA7F2455257F0022E987 /* SwifterWrapper.swift in Sources */,
				7C0ACA70245478C40022E987 /* ObjectStore.swift in Sources */,
				7C37D0072460005200DFA6B3 /* BannarIdKind.swift in Sources */,
				7C0ACA9624559A9C0022E987 /* TweetRepository.swift in Sources */,
				7C0ACA522453D2860022E987 /* SyncSignalDispatcher.swift in Sources */,
				7CF99D8D2455B12D00C1CC90 /* TweetTableViewCell.swift in Sources */,
				7C0ACA542453E8770022E987 /* Clock.swift in Sources */,
				7C0ACA83245536E20022E987 /* TwitterAccount.swift in Sources */,
				7C0ACA6C2454759D0022E987 /* UserDefaultKey.swift in Sources */,
				7C0ACA8C245590AD0022E987 /* TwitterImage.swift in Sources */,
				7C0ACA91245598E70022E987 /* RealmTwitterUser.swift in Sources */,
				7C0ACA8A245590A20022E987 /* TwitterUser.swift in Sources */,
				7C5163FC2456FC3E00224CD3 /* LoadTimeLineLastTime.swift in Sources */,
				7C5163FA2456D90E00224CD3 /* AuthUserAccountUseCase.swift in Sources */,
				7C0ACA93245599070022E987 /* RealmTwitterImage.swift in Sources */,
				7C0ACA72245478F00022E987 /* BackgroundColorStore.swift in Sources */,
				7C0ACA76245487030022E987 /* FirstRun.swift in Sources */,
				7C0ACA6024545E350022E987 /* Extentions.swift in Sources */,
				7C0ACA62245462750022E987 /* SettingsTableViewController.swift in Sources */,
				7C0ACA81245536BF0022E987 /* TwitterAccountStore.swift in Sources */,
				7CF99D862455AE7300C1CC90 /* TweetTableViewDataSource.swift in Sources */,
				7CF99D882455AF4B00C1CC90 /* TweetTableViewDelegate.swift in Sources */,
				7C0ACA8824558CD30022E987 /* Tweet.swift in Sources */,
			);
			runOnlyForDeploymentPostprocessing = 0;
		};
/* End PBXSourcesBuildPhase section */

/* Begin PBXVariantGroup section */
		7C84A0812453CAF10016AE58 /* Main.storyboard */ = {
			isa = PBXVariantGroup;
			children = (
				7C84A0822453CAF10016AE58 /* Base */,
			);
			name = Main.storyboard;
			sourceTree = "<group>";
		};
		7C84A0862453CAF30016AE58 /* LaunchScreen.storyboard */ = {
			isa = PBXVariantGroup;
			children = (
				7C84A0872453CAF30016AE58 /* Base */,
			);
			name = LaunchScreen.storyboard;
			sourceTree = "<group>";
		};
/* End PBXVariantGroup section */

/* Begin XCBuildConfiguration section */
		7C84A08A2453CAF30016AE58 /* Debug */ = {
			isa = XCBuildConfiguration;
			buildSettings = {
				ALWAYS_SEARCH_USER_PATHS = NO;
				CLANG_ANALYZER_NONNULL = YES;
				CLANG_ANALYZER_NUMBER_OBJECT_CONVERSION = YES_AGGRESSIVE;
				CLANG_CXX_LANGUAGE_STANDARD = "gnu++14";
				CLANG_CXX_LIBRARY = "libc++";
				CLANG_ENABLE_MODULES = YES;
				CLANG_ENABLE_OBJC_ARC = YES;
				CLANG_ENABLE_OBJC_WEAK = YES;
				CLANG_WARN_BLOCK_CAPTURE_AUTORELEASING = YES;
				CLANG_WARN_BOOL_CONVERSION = YES;
				CLANG_WARN_COMMA = YES;
				CLANG_WARN_CONSTANT_CONVERSION = YES;
				CLANG_WARN_DEPRECATED_OBJC_IMPLEMENTATIONS = YES;
				CLANG_WARN_DIRECT_OBJC_ISA_USAGE = YES_ERROR;
				CLANG_WARN_DOCUMENTATION_COMMENTS = YES;
				CLANG_WARN_EMPTY_BODY = YES;
				CLANG_WARN_ENUM_CONVERSION = YES;
				CLANG_WARN_INFINITE_RECURSION = YES;
				CLANG_WARN_INT_CONVERSION = YES;
				CLANG_WARN_NON_LITERAL_NULL_CONVERSION = YES;
				CLANG_WARN_OBJC_IMPLICIT_RETAIN_SELF = YES;
				CLANG_WARN_OBJC_LITERAL_CONVERSION = YES;
				CLANG_WARN_OBJC_ROOT_CLASS = YES_ERROR;
				CLANG_WARN_RANGE_LOOP_ANALYSIS = YES;
				CLANG_WARN_STRICT_PROTOTYPES = YES;
				CLANG_WARN_SUSPICIOUS_MOVE = YES;
				CLANG_WARN_UNGUARDED_AVAILABILITY = YES_AGGRESSIVE;
				CLANG_WARN_UNREACHABLE_CODE = YES;
				CLANG_WARN__DUPLICATE_METHOD_MATCH = YES;
				COPY_PHASE_STRIP = NO;
				DEBUG_INFORMATION_FORMAT = dwarf;
				ENABLE_STRICT_OBJC_MSGSEND = YES;
				ENABLE_TESTABILITY = YES;
				GCC_C_LANGUAGE_STANDARD = gnu11;
				GCC_DYNAMIC_NO_PIC = NO;
				GCC_NO_COMMON_BLOCKS = YES;
				GCC_OPTIMIZATION_LEVEL = 0;
				GCC_PREPROCESSOR_DEFINITIONS = (
					"DEBUG=1",
					"$(inherited)",
				);
				GCC_WARN_64_TO_32_BIT_CONVERSION = YES;
				GCC_WARN_ABOUT_RETURN_TYPE = YES_ERROR;
				GCC_WARN_UNDECLARED_SELECTOR = YES;
				GCC_WARN_UNINITIALIZED_AUTOS = YES_AGGRESSIVE;
				GCC_WARN_UNUSED_FUNCTION = YES;
				GCC_WARN_UNUSED_VARIABLE = YES;
				IPHONEOS_DEPLOYMENT_TARGET = 13.2;
				MTL_ENABLE_DEBUG_INFO = INCLUDE_SOURCE;
				MTL_FAST_MATH = YES;
				ONLY_ACTIVE_ARCH = YES;
				SDKROOT = iphoneos;
				SWIFT_ACTIVE_COMPILATION_CONDITIONS = DEBUG;
				SWIFT_OPTIMIZATION_LEVEL = "-Onone";
			};
			name = Debug;
		};
		7C84A08B2453CAF30016AE58 /* Release */ = {
			isa = XCBuildConfiguration;
			buildSettings = {
				ALWAYS_SEARCH_USER_PATHS = NO;
				CLANG_ANALYZER_NONNULL = YES;
				CLANG_ANALYZER_NUMBER_OBJECT_CONVERSION = YES_AGGRESSIVE;
				CLANG_CXX_LANGUAGE_STANDARD = "gnu++14";
				CLANG_CXX_LIBRARY = "libc++";
				CLANG_ENABLE_MODULES = YES;
				CLANG_ENABLE_OBJC_ARC = YES;
				CLANG_ENABLE_OBJC_WEAK = YES;
				CLANG_WARN_BLOCK_CAPTURE_AUTORELEASING = YES;
				CLANG_WARN_BOOL_CONVERSION = YES;
				CLANG_WARN_COMMA = YES;
				CLANG_WARN_CONSTANT_CONVERSION = YES;
				CLANG_WARN_DEPRECATED_OBJC_IMPLEMENTATIONS = YES;
				CLANG_WARN_DIRECT_OBJC_ISA_USAGE = YES_ERROR;
				CLANG_WARN_DOCUMENTATION_COMMENTS = YES;
				CLANG_WARN_EMPTY_BODY = YES;
				CLANG_WARN_ENUM_CONVERSION = YES;
				CLANG_WARN_INFINITE_RECURSION = YES;
				CLANG_WARN_INT_CONVERSION = YES;
				CLANG_WARN_NON_LITERAL_NULL_CONVERSION = YES;
				CLANG_WARN_OBJC_IMPLICIT_RETAIN_SELF = YES;
				CLANG_WARN_OBJC_LITERAL_CONVERSION = YES;
				CLANG_WARN_OBJC_ROOT_CLASS = YES_ERROR;
				CLANG_WARN_RANGE_LOOP_ANALYSIS = YES;
				CLANG_WARN_STRICT_PROTOTYPES = YES;
				CLANG_WARN_SUSPICIOUS_MOVE = YES;
				CLANG_WARN_UNGUARDED_AVAILABILITY = YES_AGGRESSIVE;
				CLANG_WARN_UNREACHABLE_CODE = YES;
				CLANG_WARN__DUPLICATE_METHOD_MATCH = YES;
				COPY_PHASE_STRIP = NO;
				DEBUG_INFORMATION_FORMAT = "dwarf-with-dsym";
				ENABLE_NS_ASSERTIONS = NO;
				ENABLE_STRICT_OBJC_MSGSEND = YES;
				GCC_C_LANGUAGE_STANDARD = gnu11;
				GCC_NO_COMMON_BLOCKS = YES;
				GCC_WARN_64_TO_32_BIT_CONVERSION = YES;
				GCC_WARN_ABOUT_RETURN_TYPE = YES_ERROR;
				GCC_WARN_UNDECLARED_SELECTOR = YES;
				GCC_WARN_UNINITIALIZED_AUTOS = YES_AGGRESSIVE;
				GCC_WARN_UNUSED_FUNCTION = YES;
				GCC_WARN_UNUSED_VARIABLE = YES;
				IPHONEOS_DEPLOYMENT_TARGET = 13.2;
				MTL_ENABLE_DEBUG_INFO = NO;
				MTL_FAST_MATH = YES;
				SDKROOT = iphoneos;
				SWIFT_COMPILATION_MODE = wholemodule;
				SWIFT_OPTIMIZATION_LEVEL = "-O";
				VALIDATE_PRODUCT = YES;
			};
			name = Release;
		};
		7C84A08D2453CAF30016AE58 /* Debug */ = {
			isa = XCBuildConfiguration;
			baseConfigurationReference = 7B6CE7D5882E9FF2EB9EC2C7 /* Pods-TweetClock.debug.xcconfig */;
			buildSettings = {
				ASSETCATALOG_COMPILER_APPICON_NAME = AppIcon;
				CODE_SIGN_IDENTITY = "iPhone Developer";
				CODE_SIGN_STYLE = Manual;
				DEAD_CODE_STRIPPING = YES;
				DEVELOPMENT_TEAM = ABHGTY2RG2;
				INFOPLIST_FILE = TweetClock/Info.plist;
				LD_RUNPATH_SEARCH_PATHS = (
					"$(inherited)",
					"@executable_path/Frameworks",
				);
				MARKETING_VERSION = 1.1.1;
				PRODUCT_BUNDLE_IDENTIFIER = tokyo.crouton.TweetClock;
				PRODUCT_NAME = "$(TARGET_NAME)";
				PROVISIONING_PROFILE_SPECIFIER = TweetClockForDev;
				SWIFT_VERSION = 5.0;
				TARGETED_DEVICE_FAMILY = 1;
			};
			name = Debug;
		};
		7C84A08E2453CAF30016AE58 /* Release */ = {
			isa = XCBuildConfiguration;
			baseConfigurationReference = D0AA5134FEB183EB5E6B40F3 /* Pods-TweetClock.release.xcconfig */;
			buildSettings = {
				ASSETCATALOG_COMPILER_APPICON_NAME = AppIcon;
				CODE_SIGN_IDENTITY = "iPhone Distribution";
				CODE_SIGN_STYLE = Manual;
				DEAD_CODE_STRIPPING = YES;
				DEVELOPMENT_TEAM = ABHGTY2RG2;
				INFOPLIST_FILE = TweetClock/Info.plist;
				LD_RUNPATH_SEARCH_PATHS = (
					"$(inherited)",
					"@executable_path/Frameworks",
				);
				MARKETING_VERSION = 1.1.1;
				PRODUCT_BUNDLE_IDENTIFIER = tokyo.crouton.TweetClock;
				PRODUCT_NAME = "$(TARGET_NAME)";
				PROVISIONING_PROFILE_SPECIFIER = TweetClockForStore;
				SWIFT_VERSION = 5.0;
				TARGETED_DEVICE_FAMILY = 1;
			};
			name = Release;
		};
/* End XCBuildConfiguration section */

/* Begin XCConfigurationList section */
		7C84A0732453CAF10016AE58 /* Build configuration list for PBXProject "TweetClock" */ = {
			isa = XCConfigurationList;
			buildConfigurations = (
				7C84A08A2453CAF30016AE58 /* Debug */,
				7C84A08B2453CAF30016AE58 /* Release */,
			);
			defaultConfigurationIsVisible = 0;
			defaultConfigurationName = Release;
		};
		7C84A08C2453CAF30016AE58 /* Build configuration list for PBXNativeTarget "TweetClock" */ = {
			isa = XCConfigurationList;
			buildConfigurations = (
				7C84A08D2453CAF30016AE58 /* Debug */,
				7C84A08E2453CAF30016AE58 /* Release */,
			);
			defaultConfigurationIsVisible = 0;
			defaultConfigurationName = Release;
		};
/* End XCConfigurationList section */

/* Begin XCRemoteSwiftPackageReference section */
		7C0ACA4E2453CF1E0022E987 /* XCRemoteSwiftPackageReference "IQKeyboardManager" */ = {
			isa = XCRemoteSwiftPackageReference;
			repositoryURL = "https://github.com/hackiftekhar/IQKeyboardManager.git";
			requirement = {
				kind = upToNextMajorVersion;
				minimumVersion = 6.5.5;
			};
		};
		7C5163FD245B1BCE00224CD3 /* XCRemoteSwiftPackageReference "Swifter" */ = {
			isa = XCRemoteSwiftPackageReference;
			repositoryURL = "https://github.com/mattdonnelly/Swifter.git";
			requirement = {
				kind = upToNextMajorVersion;
				minimumVersion = 2.3.0;
			};
		};
/* End XCRemoteSwiftPackageReference section */

/* Begin XCSwiftPackageProductDependency section */
		7C0ACA4F2453CF1E0022E987 /* IQKeyboardManagerSwift */ = {
			isa = XCSwiftPackageProductDependency;
			package = 7C0ACA4E2453CF1E0022E987 /* XCRemoteSwiftPackageReference "IQKeyboardManager" */;
			productName = IQKeyboardManagerSwift;
		};
		7C5163FE245B1BCE00224CD3 /* Swifter */ = {
			isa = XCSwiftPackageProductDependency;
			package = 7C5163FD245B1BCE00224CD3 /* XCRemoteSwiftPackageReference "Swifter" */;
			productName = Swifter;
		};
/* End XCSwiftPackageProductDependency section */
	};
	rootObject = 7C84A0702453CAF10016AE58 /* Project object */;
}
